
Microsoft Visual Studio Solution File, Format Version 12.00
# Visual Studio 2013
VisualStudioVersion = 12.0.31101.0
MinimumVisualStudioVersion = 10.0.40219.1
Project("{FAE04EC0-301F-11D3-BF4B-00C04F79EFBC}") = "Parking.SberBank.Test", "SberBank\Parking.SberBank.Test.csproj", "{E29DEA5E-7092-46A1-AEF6-FAFB4D50B37C}"
EndProject
Project("{FAE04EC0-301F-11D3-BF4B-00C04F79EFBC}") = "Parking.SberBank", "SberBankCards\Parking.SberBank.csproj", "{8F77BE11-25ED-450B-BCC3-29B5E5601E83}"
EndProject
Global
	GlobalSection(SolutionConfigurationPlatforms) = preSolution
		Debug|Any CPU = Debug|Any CPU
		Release|Any CPU = Release|Any CPU
	EndGlobalSection
	GlobalSection(ProjectConfigurationPlatforms) = postSolution
		{E29DEA5E-7092-46A1-AEF6-FAFB4D50B37C}.Debug|Any CPU.ActiveCfg = Debug|Any CPU
		{E29DEA5E-7092-46A1-AEF6-FAFB4D50B37C}.Debug|Any CPU.Build.0 = Debug|Any CPU
		{E29DEA5E-7092-46A1-AEF6-FAFB4D50B37C}.Release|Any CPU.ActiveCfg = Release|Any CPU
		{E29DEA5E-7092-46A1-AEF6-FAFB4D50B37C}.Release|Any CPU.Build.0 = Release|Any CPU
		{8F77BE11-25ED-450B-BCC3-29B5E5601E83}.Debug|Any CPU.ActiveCfg = Debug|Any CPU
		{8F77BE11-25ED-450B-BCC3-29B5E5601E83}.Debug|Any CPU.Build.0 = Debug|Any CPU
		{8F77BE11-25ED-450B-BCC3-29B5E5601E83}.Release|Any CPU.ActiveCfg = Release|Any CPU
		{8F77BE11-25ED-450B-BCC3-29B5E5601E83}.Release|Any CPU.Build.0 = Release|Any CPU
	EndGlobalSection
	GlobalSection(SolutionProperties) = preSolution
		HideSolutionNode = FALSE
	EndGlobalSection
EndGlobal
